schema: '2.0'
stages:
  train:
    cmd: python src/train.py
    deps:
    - path: data/
      hash: md5
      md5: 893c2a1b4b6a37987aa970d859ab8136.dir
      size: 1268553834
      nfiles: 5856
    - path: params.yaml
      hash: md5
      md5: cd9bcf91557ac6f40beb7769d7826d4c
      size: 382
    - path: src/data_loader.py
      hash: md5
      md5: 4442484b0fe7b40eff6c980c828ae0c0
      size: 3750
    - path: src/model_builder.py
      hash: md5
      md5: f88f525389343d0b7212ff76d457576e
      size: 1725
    - path: src/train.py
      hash: md5
      md5: bd77a48ce241d61b5b7b608fc20dbcab
      size: 4631
    outs:
    - path: models/pneumonia_detector.keras
      hash: md5
      md5: 28f868bdec14f74c2d56a443396f77e6
      size: 9633174
  evaluate:
    cmd: python src/evaluate.py
    deps:
    - path: data/
      hash: md5
      md5: 893c2a1b4b6a37987aa970d859ab8136.dir
      size: 1268553834
      nfiles: 5856
    - path: models/pneumonia_detector.keras
      hash: md5
      md5: 28f868bdec14f74c2d56a443396f77e6
      size: 9633174
    - path: params.yaml
      hash: md5
      md5: cd9bcf91557ac6f40beb7769d7826d4c
      size: 382
    - path: src/data_loader.py
      hash: md5
      md5: 4442484b0fe7b40eff6c980c828ae0c0
      size: 3750
    - path: src/evaluate.py
      hash: md5
      md5: ebe2b994b1107a48508cc8c99d2a955b
      size: 3629
    outs:
    - path: metrics.json
      hash: md5
      md5: 7330f8a051e8e6b520cf2a06a735c2e8
      size: 166
